<?xml version="1.0" encoding="utf-8"?>
<Project ToolsVersion="4.0" xmlns="http://schemas.microsoft.com/developer/msbuild/2003">
  <ItemGroup>
    <Filter Include="Source Files">
      <UniqueIdentifier>{4FC737F1-C7A5-4376-A066-2A32D752A2FF}</UniqueIdentifier>
      <Extensions>cpp;c;cc;cxx;c++;cppm;ixx;def;odl;idl;hpj;bat;asm;asmx</Extensions>
    </Filter>
    <Filter Include="Header Files">
      <UniqueIdentifier>{93995380-89BD-4b04-88EB-625FBE52EBFB}</UniqueIdentifier>
      <Extensions>h;hh;hpp;hxx;h++;hm;inl;inc;ipp;xsd</Extensions>
    </Filter>
    <Filter Include="Resource Files">
      <UniqueIdentifier>{67DA6AB6-F800-4c08-8B7A-83BB121AAD01}</UniqueIdentifier>
      <Extensions>rc;ico;cur;bmp;dlg;rc2;rct;bin;rgs;gif;jpg;jpeg;jpe;resx;tiff;tif;png;wav;mfcribbon-ms</Extensions>
    </Filter>
  </ItemGroup>
  <ItemGroup>
    <ClCompile Include="Source\Main.cpp">
      <Filter>Source Files</Filter>
    </ClCompile>
    <ClCompile Include="Source\Util.cpp">
      <Filter>Source Files</Filter>
    </ClCompile>
  </ItemGroup>
  <ItemGroup>
    <ClInclude Include="Header\stb_image.h">
      <Filter>Header Files</Filter>
    </ClInclude>
    <ClInclude Include="Header\Util.h">
      <Filter>Header Files</Filter>
    </ClInclude>
  </ItemGroup>
  <ItemGroup>
    <None Include="packages.config" />
    <None Include="Shaders\basic.vert" />
    <None Include="Shaders\basic.frag" />
    <None Include="Shaders\color.frag" />
    <None Include="Shaders\cursor.frag" />
    <None Include="Shaders\3d.vert" />
    <None Include="Shaders\3d.frag" />
    <None Include="Shaders\3d_color.frag" />
  </ItemGroup>
  <ItemGroup>
    <Image Include="..\..\..\OneDrive\Radna površina\cetvrtiSprat.jpg">
      <Filter>Resource Files</Filter>
    </Image>
    <Image Include="..\..\..\OneDrive\Radna površina\covek.png">
      <Filter>Resource Files</Filter>
    </Image>
    <Image Include="..\..\..\OneDrive\Radna površina\drugiSprat.jpg">
      <Filter>Resource Files</Filter>
    </Image>
    <Image Include="..\..\..\OneDrive\Radna površina\kursor.png">
      <Filter>Resource Files</Filter>
    </Image>
    <Image Include="..\..\..\OneDrive\Radna površina\otvorenLift.png">
      <Filter>Resource Files</Filter>
    </Image>
    <Image Include="..\..\..\OneDrive\Radna površina\petiSprat.jpg">
      <Filter>Resource Files</Filter>
    </Image>
    <Image Include="..\..\..\OneDrive\Radna površina\podrum.jpg">
      <Filter>Resource Files</Filter>
    </Image>
    <Image Include="..\..\..\OneDrive\Radna površina\prizemlje.jpg">
      <Filter>Resource Files</Filter>
    </Image>
    <Image Include="..\..\..\OneDrive\Radna površina\prviSprat.jpg">
      <Filter>Resource Files</Filter>
    </Image>
    <Image Include="..\..\..\OneDrive\Radna površina\sestiSprat.jpg">
      <Filter>Resource Files</Filter>
    </Image>
    <Image Include="..\..\..\OneDrive\Radna površina\taster1.png">
      <Filter>Resource Files</Filter>
    </Image>
    <Image Include="..\..\..\OneDrive\Radna površina\taster2.png">
      <Filter>Resource Files</Filter>
    </Image>
    <Image Include="..\..\..\OneDrive\Radna površina\taster3.png">
      <Filter>Resource Files</Filter>
    </Image>
    <Image Include="..\..\..\OneDrive\Radna površina\taster4.png">
      <Filter>Resource Files</Filter>
    </Image>
    <Image Include="..\..\..\OneDrive\Radna površina\taster5.png">
      <Filter>Resource Files</Filter>
    </Image>
    <Image Include="..\..\..\OneDrive\Radna površina\taster6.png">
      <Filter>Resource Files</Filter>
    </Image>
    <Image Include="..\..\..\OneDrive\Radna površina\tasterOtvaranje.png">
      <Filter>Resource Files</Filter>
    </Image>
    <Image Include="..\..\..\OneDrive\Radna površina\tasterPrizemlje.png">
      <Filter>Resource Files</Filter>
    </Image>
    <Image Include="..\..\..\OneDrive\Radna površina\tasterStop.png">
      <Filter>Resource Files</Filter>
    </Image>
    <Image Include="..\..\..\OneDrive\Radna površina\tasterSuteren.png">
      <Filter>Resource Files</Filter>
    </Image>
    <Image Include="..\..\..\OneDrive\Radna površina\tasterVentilacija.png">
      <Filter>Resource Files</Filter>
    </Image>
    <Image Include="..\..\..\OneDrive\Radna površina\tasterZatvaranje.png">
      <Filter>Resource Files</Filter>
    </Image>
    <Image Include="..\..\..\OneDrive\Radna površina\treciSprat.jpg">
      <Filter>Resource Files</Filter>
    </Image>
    <Image Include="..\..\..\OneDrive\Radna površina\zatvorenLift.png">
      <Filter>Resource Files</Filter>
    </Image>
  </ItemGroup>
</Project>